
Microsoft Visual Studio Solution File, Format Version 12.00
# Visual Studio Version 16
VisualStudioVersion = 16.0.28803.202
MinimumVisualStudioVersion = 10.0.40219.1
Project("{FAE04EC0-301F-11D3-BF4B-00C04F79EFBC}") = "QuickBuy.Dominio", "QuickBuy.Dominio\QuickBuy.Dominio.csproj", "{707975A2-FD5A-45E3-AA29-1191AA4C9C2B}"
EndProject
Project("{FAE04EC0-301F-11D3-BF4B-00C04F79EFBC}") = "QuickBy.Repositorio", "QuickBy.Repositorio\QuickBy.Repositorio.csproj", "{C2F7E342-0490-4346-8D45-285990B7A819}"
EndProject
Project("{FAE04EC0-301F-11D3-BF4B-00C04F79EFBC}") = "QuickBuy.Web", "QuickBuy.Web\QuickBuy.Web.csproj", "{F7C116BA-C1FF-4EC3-A8C0-78948AE2FFEB}"
EndProject
Global
	GlobalSection(SolutionConfigurationPlatforms) = preSolution
		Debug|Any CPU = Debug|Any CPU
		Release|Any CPU = Release|Any CPU
	EndGlobalSection
	GlobalSection(ProjectConfigurationPlatforms) = postSolution
		{707975A2-FD5A-45E3-AA29-1191AA4C9C2B}.Debug|Any CPU.ActiveCfg = Debug|Any CPU
		{707975A2-FD5A-45E3-AA29-1191AA4C9C2B}.Debug|Any CPU.Build.0 = Debug|Any CPU
		{707975A2-FD5A-45E3-AA29-1191AA4C9C2B}.Release|Any CPU.ActiveCfg = Release|Any CPU
		{707975A2-FD5A-45E3-AA29-1191AA4C9C2B}.Release|Any CPU.Build.0 = Release|Any CPU
		{C2F7E342-0490-4346-8D45-285990B7A819}.Debug|Any CPU.ActiveCfg = Debug|Any CPU
		{C2F7E342-0490-4346-8D45-285990B7A819}.Debug|Any CPU.Build.0 = Debug|Any CPU
		{C2F7E342-0490-4346-8D45-285990B7A819}.Release|Any CPU.ActiveCfg = Release|Any CPU
		{C2F7E342-0490-4346-8D45-285990B7A819}.Release|Any CPU.Build.0 = Release|Any CPU
		{F7C116BA-C1FF-4EC3-A8C0-78948AE2FFEB}.Debug|Any CPU.ActiveCfg = Debug|Any CPU
		{F7C116BA-C1FF-4EC3-A8C0-78948AE2FFEB}.Debug|Any CPU.Build.0 = Debug|Any CPU
		{F7C116BA-C1FF-4EC3-A8C0-78948AE2FFEB}.Release|Any CPU.ActiveCfg = Release|Any CPU
		{F7C116BA-C1FF-4EC3-A8C0-78948AE2FFEB}.Release|Any CPU.Build.0 = Release|Any CPU
	EndGlobalSection
	GlobalSection(SolutionProperties) = preSolution
		HideSolutionNode = FALSE
	EndGlobalSection
	GlobalSection(ExtensibilityGlobals) = postSolution
		SolutionGuid = {26A0113F-FADA-47A9-8689-162E24E2314D}
	EndGlobalSection
EndGlobal
